
Microsoft Visual Studio Solution File, Format Version 12.00
# Visual Studio Version 16
VisualStudioVersion = 16.0.30503.244
MinimumVisualStudioVersion = 10.0.40219.1
Project("{9A19103F-16F7-4668-BE54-9A1E7A4F7556}") = "BlazorServerApp_Chess", "BlazorServerApp_Chess.csproj", "{951F4776-B3FD-4CC0-99B4-EB07B6021A61}"
	ProjectSection(ProjectDependencies) = postProject
		{4F2104F0-95EC-499B-A21F-4CC137107318} = {4F2104F0-95EC-499B-A21F-4CC137107318}
	EndProjectSection
EndProject
Project("{9A19103F-16F7-4668-BE54-9A1E7A4F7556}") = "DataAccessLibrary", "..\..\Utility\DataAccessLibrary\DataAccessLibrary.csproj", "{4F2104F0-95EC-499B-A21F-4CC137107318}"
EndProject
Global
	GlobalSection(SolutionConfigurationPlatforms) = preSolution
		Debug|Any CPU = Debug|Any CPU
		Release|Any CPU = Release|Any CPU
	EndGlobalSection
	GlobalSection(ProjectConfigurationPlatforms) = postSolution
		{951F4776-B3FD-4CC0-99B4-EB07B6021A61}.Debug|Any CPU.ActiveCfg = Debug|Any CPU
		{951F4776-B3FD-4CC0-99B4-EB07B6021A61}.Debug|Any CPU.Build.0 = Debug|Any CPU
		{951F4776-B3FD-4CC0-99B4-EB07B6021A61}.Release|Any CPU.ActiveCfg = Release|Any CPU
		{951F4776-B3FD-4CC0-99B4-EB07B6021A61}.Release|Any CPU.Build.0 = Release|Any CPU
		{4F2104F0-95EC-499B-A21F-4CC137107318}.Debug|Any CPU.ActiveCfg = Debug|Any CPU
		{4F2104F0-95EC-499B-A21F-4CC137107318}.Debug|Any CPU.Build.0 = Debug|Any CPU
		{4F2104F0-95EC-499B-A21F-4CC137107318}.Release|Any CPU.ActiveCfg = Release|Any CPU
		{4F2104F0-95EC-499B-A21F-4CC137107318}.Release|Any CPU.Build.0 = Release|Any CPU
	EndGlobalSection
	GlobalSection(SolutionProperties) = preSolution
		HideSolutionNode = FALSE
	EndGlobalSection
	GlobalSection(ExtensibilityGlobals) = postSolution
		SolutionGuid = {55EE8F93-2B76-4EED-BBE0-9CCED5AA88FC}
	EndGlobalSection
EndGlobal
